
Microsoft Visual Studio Solution File, Format Version 12.00
# Visual Studio 14
VisualStudioVersion = 14.0.25420.1
MinimumVisualStudioVersion = 10.0.40219.1
Project("{FAE04EC0-301F-11D3-BF4B-00C04F79EFBC}") = "StephManager", "StepthManager\StephManager.csproj", "{4B21C807-3C46-4644-B8E7-C99D14F85447}"
EndProject
Project("{FAE04EC0-301F-11D3-BF4B-00C04F79EFBC}") = "CreativaSL.Dll.StephManager.Global", "CreativaSL.Dll.StepthManager.Global\CreativaSL.Dll.StephManager.Global.csproj", "{F886F9E9-3AB6-4B61-A984-BF9652B01575}"
EndProject
Project("{FAE04EC0-301F-11D3-BF4B-00C04F79EFBC}") = "CreativaSL.Dll.StephManager.Negocio", "CreativaSL.Dll.StepthManager.Negocio\CreativaSL.Dll.StephManager.Negocio.csproj", "{247B1D22-1ECF-41E1-B6A0-9776349437D7}"
EndProject
Project("{FAE04EC0-301F-11D3-BF4B-00C04F79EFBC}") = "CreativaSL.Dll.StephManager.Datos", "CreativaSL.Dll.StepthManager.Datos\CreativaSL.Dll.StephManager.Datos.csproj", "{9BABBB02-3976-4D79-AF8B-6A9F0B9578C9}"
EndProject
Project("{6141683F-8A12-4E36-9623-2EB02B2C2303}") = "Setup", "Setup\Setup.isproj", "{4C54BBF1-3F79-4569-85E5-09405CC85FB7}"
EndProject
Project("{6141683F-8A12-4E36-9623-2EB02B2C2303}") = "SetupWindows810", "SetupWindows810\SetupWindows810.isproj", "{632CB661-07C0-4160-8598-ADAB208B792A}"
EndProject
Global
	GlobalSection(SolutionConfigurationPlatforms) = preSolution
		CD_ROM|Any CPU = CD_ROM|Any CPU
		CD_ROM|x64 = CD_ROM|x64
		Debug|Any CPU = Debug|Any CPU
		Debug|x64 = Debug|x64
		DVD-5|Any CPU = DVD-5|Any CPU
		DVD-5|x64 = DVD-5|x64
		Release|Any CPU = Release|Any CPU
		Release|x64 = Release|x64
		SingleImage|Any CPU = SingleImage|Any CPU
		SingleImage|x64 = SingleImage|x64
	EndGlobalSection
	GlobalSection(ProjectConfigurationPlatforms) = postSolution
		{4B21C807-3C46-4644-B8E7-C99D14F85447}.CD_ROM|Any CPU.ActiveCfg = Release|Any CPU
		{4B21C807-3C46-4644-B8E7-C99D14F85447}.CD_ROM|Any CPU.Build.0 = Release|Any CPU
		{4B21C807-3C46-4644-B8E7-C99D14F85447}.CD_ROM|x64.ActiveCfg = Release|x64
		{4B21C807-3C46-4644-B8E7-C99D14F85447}.CD_ROM|x64.Build.0 = Release|x64
		{4B21C807-3C46-4644-B8E7-C99D14F85447}.Debug|Any CPU.ActiveCfg = Debug|Any CPU
		{4B21C807-3C46-4644-B8E7-C99D14F85447}.Debug|Any CPU.Build.0 = Debug|Any CPU
		{4B21C807-3C46-4644-B8E7-C99D14F85447}.Debug|x64.ActiveCfg = Debug|x64
		{4B21C807-3C46-4644-B8E7-C99D14F85447}.Debug|x64.Build.0 = Debug|x64
		{4B21C807-3C46-4644-B8E7-C99D14F85447}.DVD-5|Any CPU.ActiveCfg = Debug|Any CPU
		{4B21C807-3C46-4644-B8E7-C99D14F85447}.DVD-5|Any CPU.Build.0 = Debug|Any CPU
		{4B21C807-3C46-4644-B8E7-C99D14F85447}.DVD-5|x64.ActiveCfg = Debug|x64
		{4B21C807-3C46-4644-B8E7-C99D14F85447}.DVD-5|x64.Build.0 = Debug|x64
		{4B21C807-3C46-4644-B8E7-C99D14F85447}.Release|Any CPU.ActiveCfg = Release|Any CPU
		{4B21C807-3C46-4644-B8E7-C99D14F85447}.Release|Any CPU.Build.0 = Release|Any CPU
		{4B21C807-3C46-4644-B8E7-C99D14F85447}.Release|x64.ActiveCfg = Release|x64
		{4B21C807-3C46-4644-B8E7-C99D14F85447}.Release|x64.Build.0 = Release|x64
		{4B21C807-3C46-4644-B8E7-C99D14F85447}.SingleImage|Any CPU.ActiveCfg = Release|Any CPU
		{4B21C807-3C46-4644-B8E7-C99D14F85447}.SingleImage|Any CPU.Build.0 = Release|Any CPU
		{4B21C807-3C46-4644-B8E7-C99D14F85447}.SingleImage|x64.ActiveCfg = Release|x64
		{4B21C807-3C46-4644-B8E7-C99D14F85447}.SingleImage|x64.Build.0 = Release|x64
		{F886F9E9-3AB6-4B61-A984-BF9652B01575}.CD_ROM|Any CPU.ActiveCfg = Release|Any CPU
		{F886F9E9-3AB6-4B61-A984-BF9652B01575}.CD_ROM|Any CPU.Build.0 = Release|Any CPU
		{F886F9E9-3AB6-4B61-A984-BF9652B01575}.CD_ROM|x64.ActiveCfg = Release|x64
		{F886F9E9-3AB6-4B61-A984-BF9652B01575}.CD_ROM|x64.Build.0 = Release|x64
		{F886F9E9-3AB6-4B61-A984-BF9652B01575}.Debug|Any CPU.ActiveCfg = Debug|Any CPU
		{F886F9E9-3AB6-4B61-A984-BF9652B01575}.Debug|Any CPU.Build.0 = Debug|Any CPU
		{F886F9E9-3AB6-4B61-A984-BF9652B01575}.Debug|x64.ActiveCfg = Debug|x64
		{F886F9E9-3AB6-4B61-A984-BF9652B01575}.Debug|x64.Build.0 = Debug|x64
		{F886F9E9-3AB6-4B61-A984-BF9652B01575}.DVD-5|Any CPU.ActiveCfg = Debug|Any CPU
		{F886F9E9-3AB6-4B61-A984-BF9652B01575}.DVD-5|Any CPU.Build.0 = Debug|Any CPU
		{F886F9E9-3AB6-4B61-A984-BF9652B01575}.DVD-5|x64.ActiveCfg = Debug|x64
		{F886F9E9-3AB6-4B61-A984-BF9652B01575}.DVD-5|x64.Build.0 = Debug|x64
		{F886F9E9-3AB6-4B61-A984-BF9652B01575}.Release|Any CPU.ActiveCfg = Release|Any CPU
		{F886F9E9-3AB6-4B61-A984-BF9652B01575}.Release|Any CPU.Build.0 = Release|Any CPU
		{F886F9E9-3AB6-4B61-A984-BF9652B01575}.Release|x64.ActiveCfg = Release|x64
		{F886F9E9-3AB6-4B61-A984-BF9652B01575}.Release|x64.Build.0 = Release|x64
		{F886F9E9-3AB6-4B61-A984-BF9652B01575}.SingleImage|Any CPU.ActiveCfg = Release|Any CPU
		{F886F9E9-3AB6-4B61-A984-BF9652B01575}.SingleImage|Any CPU.Build.0 = Release|Any CPU
		{F886F9E9-3AB6-4B61-A984-BF9652B01575}.SingleImage|x64.ActiveCfg = Release|x64
		{F886F9E9-3AB6-4B61-A984-BF9652B01575}.SingleImage|x64.Build.0 = Release|x64
		{247B1D22-1ECF-41E1-B6A0-9776349437D7}.CD_ROM|Any CPU.ActiveCfg = Release|Any CPU
		{247B1D22-1ECF-41E1-B6A0-9776349437D7}.CD_ROM|Any CPU.Build.0 = Release|Any CPU
		{247B1D22-1ECF-41E1-B6A0-9776349437D7}.CD_ROM|x64.ActiveCfg = Release|x64
		{247B1D22-1ECF-41E1-B6A0-9776349437D7}.CD_ROM|x64.Build.0 = Release|x64
		{247B1D22-1ECF-41E1-B6A0-9776349437D7}.Debug|Any CPU.ActiveCfg = Debug|Any CPU
		{247B1D22-1ECF-41E1-B6A0-9776349437D7}.Debug|Any CPU.Build.0 = Debug|Any CPU
		{247B1D22-1ECF-41E1-B6A0-9776349437D7}.Debug|x64.ActiveCfg = Debug|x64
		{247B1D22-1ECF-41E1-B6A0-9776349437D7}.Debug|x64.Build.0 = Debug|x64
		{247B1D22-1ECF-41E1-B6A0-9776349437D7}.DVD-5|Any CPU.ActiveCfg = Debug|Any CPU
		{247B1D22-1ECF-41E1-B6A0-9776349437D7}.DVD-5|Any CPU.Build.0 = Debug|Any CPU
		{247B1D22-1ECF-41E1-B6A0-9776349437D7}.DVD-5|x64.ActiveCfg = Debug|x64
		{247B1D22-1ECF-41E1-B6A0-9776349437D7}.DVD-5|x64.Build.0 = Debug|x64
		{247B1D22-1ECF-41E1-B6A0-9776349437D7}.Release|Any CPU.ActiveCfg = Release|Any CPU
		{247B1D22-1ECF-41E1-B6A0-9776349437D7}.Release|Any CPU.Build.0 = Release|Any CPU
		{247B1D22-1ECF-41E1-B6A0-9776349437D7}.Release|x64.ActiveCfg = Release|x64
		{247B1D22-1ECF-41E1-B6A0-9776349437D7}.Release|x64.Build.0 = Release|x64
		{247B1D22-1ECF-41E1-B6A0-9776349437D7}.SingleImage|Any CPU.ActiveCfg = Release|Any CPU
		{247B1D22-1ECF-41E1-B6A0-9776349437D7}.SingleImage|Any CPU.Build.0 = Release|Any CPU
		{247B1D22-1ECF-41E1-B6A0-9776349437D7}.SingleImage|x64.ActiveCfg = Release|x64
		{247B1D22-1ECF-41E1-B6A0-9776349437D7}.SingleImage|x64.Build.0 = Release|x64
		{9BABBB02-3976-4D79-AF8B-6A9F0B9578C9}.CD_ROM|Any CPU.ActiveCfg = Release|Any CPU
		{9BABBB02-3976-4D79-AF8B-6A9F0B9578C9}.CD_ROM|Any CPU.Build.0 = Release|Any CPU
		{9BABBB02-3976-4D79-AF8B-6A9F0B9578C9}.CD_ROM|x64.ActiveCfg = Release|x64
		{9BABBB02-3976-4D79-AF8B-6A9F0B9578C9}.CD_ROM|x64.Build.0 = Release|x64
		{9BABBB02-3976-4D79-AF8B-6A9F0B9578C9}.Debug|Any CPU.ActiveCfg = Debug|Any CPU
		{9BABBB02-3976-4D79-AF8B-6A9F0B9578C9}.Debug|Any CPU.Build.0 = Debug|Any CPU
		{9BABBB02-3976-4D79-AF8B-6A9F0B9578C9}.Debug|x64.ActiveCfg = Debug|x64
		{9BABBB02-3976-4D79-AF8B-6A9F0B9578C9}.Debug|x64.Build.0 = Debug|x64
		{9BABBB02-3976-4D79-AF8B-6A9F0B9578C9}.DVD-5|Any CPU.ActiveCfg = Debug|Any CPU
		{9BABBB02-3976-4D79-AF8B-6A9F0B9578C9}.DVD-5|Any CPU.Build.0 = Debug|Any CPU
		{9BABBB02-3976-4D79-AF8B-6A9F0B9578C9}.DVD-5|x64.ActiveCfg = Debug|x64
		{9BABBB02-3976-4D79-AF8B-6A9F0B9578C9}.DVD-5|x64.Build.0 = Debug|x64
		{9BABBB02-3976-4D79-AF8B-6A9F0B9578C9}.Release|Any CPU.ActiveCfg = Release|Any CPU
		{9BABBB02-3976-4D79-AF8B-6A9F0B9578C9}.Release|Any CPU.Build.0 = Release|Any CPU
		{9BABBB02-3976-4D79-AF8B-6A9F0B9578C9}.Release|x64.ActiveCfg = Release|x64
		{9BABBB02-3976-4D79-AF8B-6A9F0B9578C9}.Release|x64.Build.0 = Release|x64
		{9BABBB02-3976-4D79-AF8B-6A9F0B9578C9}.SingleImage|Any CPU.ActiveCfg = Release|Any CPU
		{9BABBB02-3976-4D79-AF8B-6A9F0B9578C9}.SingleImage|Any CPU.Build.0 = Release|Any CPU
		{9BABBB02-3976-4D79-AF8B-6A9F0B9578C9}.SingleImage|x64.ActiveCfg = Release|x64
		{9BABBB02-3976-4D79-AF8B-6A9F0B9578C9}.SingleImage|x64.Build.0 = Release|x64
		{4C54BBF1-3F79-4569-85E5-09405CC85FB7}.CD_ROM|Any CPU.ActiveCfg = CD_ROM
		{4C54BBF1-3F79-4569-85E5-09405CC85FB7}.CD_ROM|Any CPU.Build.0 = CD_ROM
		{4C54BBF1-3F79-4569-85E5-09405CC85FB7}.CD_ROM|x64.ActiveCfg = CD_ROM
		{4C54BBF1-3F79-4569-85E5-09405CC85FB7}.CD_ROM|x64.Build.0 = CD_ROM
		{4C54BBF1-3F79-4569-85E5-09405CC85FB7}.Debug|Any CPU.ActiveCfg = DVD-5
		{4C54BBF1-3F79-4569-85E5-09405CC85FB7}.Debug|Any CPU.Build.0 = DVD-5
		{4C54BBF1-3F79-4569-85E5-09405CC85FB7}.Debug|x64.ActiveCfg = DVD-5
		{4C54BBF1-3F79-4569-85E5-09405CC85FB7}.Debug|x64.Build.0 = DVD-5
		{4C54BBF1-3F79-4569-85E5-09405CC85FB7}.DVD-5|Any CPU.ActiveCfg = DVD-5
		{4C54BBF1-3F79-4569-85E5-09405CC85FB7}.DVD-5|Any CPU.Build.0 = DVD-5
		{4C54BBF1-3F79-4569-85E5-09405CC85FB7}.DVD-5|x64.ActiveCfg = DVD-5
		{4C54BBF1-3F79-4569-85E5-09405CC85FB7}.DVD-5|x64.Build.0 = DVD-5
		{4C54BBF1-3F79-4569-85E5-09405CC85FB7}.Release|Any CPU.ActiveCfg = SingleImage
		{4C54BBF1-3F79-4569-85E5-09405CC85FB7}.Release|Any CPU.Build.0 = SingleImage
		{4C54BBF1-3F79-4569-85E5-09405CC85FB7}.Release|x64.ActiveCfg = SingleImage
		{4C54BBF1-3F79-4569-85E5-09405CC85FB7}.Release|x64.Build.0 = SingleImage
		{4C54BBF1-3F79-4569-85E5-09405CC85FB7}.SingleImage|Any CPU.ActiveCfg = SingleImage
		{4C54BBF1-3F79-4569-85E5-09405CC85FB7}.SingleImage|Any CPU.Build.0 = SingleImage
		{4C54BBF1-3F79-4569-85E5-09405CC85FB7}.SingleImage|x64.ActiveCfg = SingleImage
		{4C54BBF1-3F79-4569-85E5-09405CC85FB7}.SingleImage|x64.Build.0 = SingleImage
		{632CB661-07C0-4160-8598-ADAB208B792A}.CD_ROM|Any CPU.ActiveCfg = CD_ROM
		{632CB661-07C0-4160-8598-ADAB208B792A}.CD_ROM|Any CPU.Build.0 = CD_ROM
		{632CB661-07C0-4160-8598-ADAB208B792A}.CD_ROM|x64.ActiveCfg = CD_ROM
		{632CB661-07C0-4160-8598-ADAB208B792A}.CD_ROM|x64.Build.0 = CD_ROM
		{632CB661-07C0-4160-8598-ADAB208B792A}.Debug|Any CPU.ActiveCfg = DVD-5
		{632CB661-07C0-4160-8598-ADAB208B792A}.Debug|Any CPU.Build.0 = DVD-5
		{632CB661-07C0-4160-8598-ADAB208B792A}.Debug|x64.ActiveCfg = DVD-5
		{632CB661-07C0-4160-8598-ADAB208B792A}.Debug|x64.Build.0 = DVD-5
		{632CB661-07C0-4160-8598-ADAB208B792A}.DVD-5|Any CPU.ActiveCfg = DVD-5
		{632CB661-07C0-4160-8598-ADAB208B792A}.DVD-5|Any CPU.Build.0 = DVD-5
		{632CB661-07C0-4160-8598-ADAB208B792A}.DVD-5|x64.ActiveCfg = DVD-5
		{632CB661-07C0-4160-8598-ADAB208B792A}.DVD-5|x64.Build.0 = DVD-5
		{632CB661-07C0-4160-8598-ADAB208B792A}.Release|Any CPU.ActiveCfg = SingleImage
		{632CB661-07C0-4160-8598-ADAB208B792A}.Release|Any CPU.Build.0 = SingleImage
		{632CB661-07C0-4160-8598-ADAB208B792A}.Release|x64.ActiveCfg = SingleImage
		{632CB661-07C0-4160-8598-ADAB208B792A}.Release|x64.Build.0 = SingleImage
		{632CB661-07C0-4160-8598-ADAB208B792A}.SingleImage|Any CPU.ActiveCfg = SingleImage
		{632CB661-07C0-4160-8598-ADAB208B792A}.SingleImage|Any CPU.Build.0 = SingleImage
		{632CB661-07C0-4160-8598-ADAB208B792A}.SingleImage|x64.ActiveCfg = SingleImage
		{632CB661-07C0-4160-8598-ADAB208B792A}.SingleImage|x64.Build.0 = SingleImage
	EndGlobalSection
	GlobalSection(SolutionProperties) = preSolution
		HideSolutionNode = FALSE
	EndGlobalSection
EndGlobal
